
Microsoft Visual Studio Solution File, Format Version 12.00
# Visual Studio Version 17
VisualStudioVersion = 17.0.31912.275
MinimumVisualStudioVersion = 10.0.40219.1
Project("{2150E333-8FDC-42A3-9474-1A3956D46DE8}") = "proto", "proto", "{F7251725-0F17-461D-BD78-63E5E551E342}"
	ProjectSection(SolutionItems) = preProject
		persona.proto = persona.proto
		serviceCode.proto = serviceCode.proto
	EndProjectSection
EndProject
Project("{FAE04EC0-301F-11D3-BF4B-00C04F79EFBC}") = "Client", "Client\Client.csproj", "{77801429-19E5-47B5-988D-9FE37AFD26CE}"
EndProject
Project("{FAE04EC0-301F-11D3-BF4B-00C04F79EFBC}") = "Server", "Server\Server.csproj", "{7B94655B-EB1C-4C6A-B9FA-DB7DDE418186}"
EndProject
Global
	GlobalSection(SolutionConfigurationPlatforms) = preSolution
		Debug|Any CPU = Debug|Any CPU
		Release|Any CPU = Release|Any CPU
	EndGlobalSection
	GlobalSection(ProjectConfigurationPlatforms) = postSolution
		{77801429-19E5-47B5-988D-9FE37AFD26CE}.Debug|Any CPU.ActiveCfg = Debug|Any CPU
		{77801429-19E5-47B5-988D-9FE37AFD26CE}.Debug|Any CPU.Build.0 = Debug|Any CPU
		{77801429-19E5-47B5-988D-9FE37AFD26CE}.Release|Any CPU.ActiveCfg = Release|Any CPU
		{77801429-19E5-47B5-988D-9FE37AFD26CE}.Release|Any CPU.Build.0 = Release|Any CPU
		{7B94655B-EB1C-4C6A-B9FA-DB7DDE418186}.Debug|Any CPU.ActiveCfg = Debug|Any CPU
		{7B94655B-EB1C-4C6A-B9FA-DB7DDE418186}.Debug|Any CPU.Build.0 = Debug|Any CPU
		{7B94655B-EB1C-4C6A-B9FA-DB7DDE418186}.Release|Any CPU.ActiveCfg = Release|Any CPU
		{7B94655B-EB1C-4C6A-B9FA-DB7DDE418186}.Release|Any CPU.Build.0 = Release|Any CPU
	EndGlobalSection
	GlobalSection(SolutionProperties) = preSolution
		HideSolutionNode = FALSE
	EndGlobalSection
	GlobalSection(ExtensibilityGlobals) = postSolution
		SolutionGuid = {48C95065-69E7-4372-83C8-A0DB4345D15D}
	EndGlobalSection
EndGlobal
